
Microsoft Visual Studio Solution File, Format Version 12.00
# Visual Studio 15
VisualStudioVersion = 15.0.27703.2047
MinimumVisualStudioVersion = 10.0.40219.1
Project("{FAE04EC0-301F-11D3-BF4B-00C04F79EFBC}") = "Minesweeper", "Minesweeper\Minesweeper.csproj", "{E16412CD-4A07-409C-AE8E-39BE362BDA48}"
EndProject
Global
	GlobalSection(SolutionConfigurationPlatforms) = preSolution
		Debug|Any CPU = Debug|Any CPU
		Release|Any CPU = Release|Any CPU
	EndGlobalSection
	GlobalSection(ProjectConfigurationPlatforms) = postSolution
		{E16412CD-4A07-409C-AE8E-39BE362BDA48}.Debug|Any CPU.ActiveCfg = Debug|Any CPU
		{E16412CD-4A07-409C-AE8E-39BE362BDA48}.Debug|Any CPU.Build.0 = Debug|Any CPU
		{E16412CD-4A07-409C-AE8E-39BE362BDA48}.Release|Any CPU.ActiveCfg = Release|Any CPU
		{E16412CD-4A07-409C-AE8E-39BE362BDA48}.Release|Any CPU.Build.0 = Release|Any CPU
	EndGlobalSection
	GlobalSection(SolutionProperties) = preSolution
		HideSolutionNode = FALSE
	EndGlobalSection
	GlobalSection(ExtensibilityGlobals) = postSolution
		SolutionGuid = {B606127F-0F35-479A-BB4E-7BEBFF58D700}
	EndGlobalSection
EndGlobal
